
<Scheme version="1.3" LastUpgradeVersion="1000">
    <BuildAction buildImplicitDependencies="YES" parallelizeBuildables="YES">
        <BuildActionEntries>
            <BuildActionEntry buildForTesting="YES" buildForRunning="YES" buildForProfiling="YES" buildForAnalyzing="YES" buildForArchiving="YES">
                <BuildableReference BlueprintIdentifier="F2FE34CE0C5C7AFE00000000" BuildableIdentifier="primary" BlueprintName="OlaFaceUnityFramework" BuildableName="OlaFaceUnityFramework.framework" ReferencedContainer="container:FaceUnityFramework.xcodeproj"></BuildableReference>
            </BuildActionEntry>
        </BuildActionEntries>
    </BuildAction>
    <TestAction buildConfiguration="__TulsiTestRunner_Debug" shouldUseLaunchSchemeArgsEnv="YES" customLLDBInitFile="$(PROJECT_FILE_PATH)/.tulsi/Utils/lldbinit" selectedDebuggerIdentifier="Xcode.DebuggerFoundation.Debugger.LLDB" selectedLauncherIdentifier="Xcode.DebuggerFoundation.Launcher.LLDB">
        <Testables></Testables>
        <BuildableProductRunnable runnableDebuggingMode="0">
            <BuildableReference BuildableIdentifier="primary" BlueprintIdentifier="F2FE34CE0C5C7AFE00000000" BuildableName="OlaFaceUnityFramework.framework" ReferencedContainer="container:FaceUnityFramework.xcodeproj" BlueprintName="OlaFaceUnityFramework"></BuildableReference>
        </BuildableProductRunnable>
    </TestAction>
    <LaunchAction customLLDBInitFile="$(PROJECT_FILE_PATH)/.tulsi/Utils/lldbinit" debugServiceExtension="internal" allowLocationSimulation="YES" useCustomWorkingDirectory="NO" debugDocumentVersioning="YES" buildConfiguration="Debug" selectedLauncherIdentifier="Xcode.DebuggerFoundation.Launcher.LLDB" launchStyle="0" selectedDebuggerIdentifier="Xcode.DebuggerFoundation.Debugger.LLDB" ignoresPersistentStateOnLaunch="NO">
        <EnvironmentVariables></EnvironmentVariables>
        <BuildableProductRunnable runnableDebuggingMode="0">
            <BuildableReference BuildableName="OlaFaceUnityFramework.framework" ReferencedContainer="container:FaceUnityFramework.xcodeproj" BuildableIdentifier="primary" BlueprintName="OlaFaceUnityFramework" BlueprintIdentifier="F2FE34CE0C5C7AFE00000000"></BuildableReference>
        </BuildableProductRunnable>
    </LaunchAction>
    <ProfileAction debugDocumentVersioning="YES" buildConfiguration="__TulsiTestRunner_Release" shouldUseLaunchSchemeArgsEnv="YES" useCustomWorkingDirectory="NO">
        <BuildableProductRunnable runnableDebuggingMode="0">
            <BuildableReference BlueprintIdentifier="F2FE34CE0C5C7AFE00000000" BuildableName="OlaFaceUnityFramework.framework" ReferencedContainer="container:FaceUnityFramework.xcodeproj" BlueprintName="OlaFaceUnityFramework" BuildableIdentifier="primary"></BuildableReference>
        </BuildableProductRunnable>
    </ProfileAction>
    <AnalyzeAction buildConfiguration="Debug"></AnalyzeAction>
    <ArchiveAction buildConfiguration="Release" revealArchiveInOrganizer="YES"></ArchiveAction>
</Scheme>