
<Scheme version="1.3" LastUpgradeVersion="1000">
    <BuildAction buildImplicitDependencies="YES" parallelizeBuildables="YES">
        <BuildActionEntries>
            <BuildActionEntry buildForProfiling="YES" buildForTesting="YES" buildForAnalyzing="YES" buildForRunning="YES" buildForArchiving="YES">
                <BuildableReference ReferencedContainer="container:FaceUnityFramework.xcodeproj" BuildableIdentifier="primary" BlueprintIdentifier="87427C8CCEDD951E00000000" BuildableName="OlaFaceUnityFramework.framework" BlueprintName="OlaFaceUnityFramework"></BuildableReference>
            </BuildActionEntry>
        </BuildActionEntries>
    </BuildAction>
    <TestAction buildConfiguration="__TulsiTestRunner_Debug" shouldUseLaunchSchemeArgsEnv="YES" selectedLauncherIdentifier="Xcode.DebuggerFoundation.Launcher.LLDB" selectedDebuggerIdentifier="Xcode.DebuggerFoundation.Debugger.LLDB" customLLDBInitFile="$(PROJECT_FILE_PATH)/.tulsi/Utils/lldbinit">
        <Testables></Testables>
        <BuildableProductRunnable runnableDebuggingMode="0">
            <BuildableReference BlueprintName="OlaFaceUnityFramework" BuildableName="OlaFaceUnityFramework.framework" BlueprintIdentifier="87427C8CCEDD951E00000000" ReferencedContainer="container:FaceUnityFramework.xcodeproj" BuildableIdentifier="primary"></BuildableReference>
        </BuildableProductRunnable>
    </TestAction>
    <LaunchAction ignoresPersistentStateOnLaunch="NO" customLLDBInitFile="$(PROJECT_FILE_PATH)/.tulsi/Utils/lldbinit" selectedLauncherIdentifier="Xcode.DebuggerFoundation.Launcher.LLDB" launchStyle="0" buildConfiguration="Debug" useCustomWorkingDirectory="NO" debugServiceExtension="internal" allowLocationSimulation="YES" debugDocumentVersioning="YES" selectedDebuggerIdentifier="Xcode.DebuggerFoundation.Debugger.LLDB">
        <EnvironmentVariables></EnvironmentVariables>
        <BuildableProductRunnable runnableDebuggingMode="0">
            <BuildableReference BlueprintName="OlaFaceUnityFramework" BuildableIdentifier="primary" BuildableName="OlaFaceUnityFramework.framework" ReferencedContainer="container:FaceUnityFramework.xcodeproj" BlueprintIdentifier="87427C8CCEDD951E00000000"></BuildableReference>
        </BuildableProductRunnable>
    </LaunchAction>
    <ProfileAction buildConfiguration="__TulsiTestRunner_Release" shouldUseLaunchSchemeArgsEnv="YES" useCustomWorkingDirectory="NO" debugDocumentVersioning="YES">
        <BuildableProductRunnable runnableDebuggingMode="0">
            <BuildableReference BlueprintName="OlaFaceUnityFramework" BuildableName="OlaFaceUnityFramework.framework" ReferencedContainer="container:FaceUnityFramework.xcodeproj" BlueprintIdentifier="87427C8CCEDD951E00000000" BuildableIdentifier="primary"></BuildableReference>
        </BuildableProductRunnable>
    </ProfileAction>
    <AnalyzeAction buildConfiguration="Debug"></AnalyzeAction>
    <ArchiveAction revealArchiveInOrganizer="YES" buildConfiguration="Release"></ArchiveAction>
</Scheme>