// !$*UTF8*$!
{
	archiveVersion = 1;
	classes = {
	};
	objectVersion = 55;
	objects = {

/* Begin PBXBuildFile section */
		36525275288170C600F888EA /* AppDelegate.m in Sources */ = {isa = PBXBuildFile; fileRef = 36525274288170C600F888EA /* AppDelegate.m */; };
		36525278288170C600F888EA /* SceneDelegate.m in Sources */ = {isa = PBXBuildFile; fileRef = 36525277288170C600F888EA /* SceneDelegate.m */; };
		3652527B288170C600F888EA /* ViewController.m in Sources */ = {isa = PBXBuildFile; fileRef = 3652527A288170C600F888EA /* ViewController.m */; };
		3652527E288170C600F888EA /* Main.storyboard in Resources */ = {isa = PBXBuildFile; fileRef = 3652527C288170C600F888EA /* Main.storyboard */; };
		36525280288170C700F888EA /* Assets.xcassets in Resources */ = {isa = PBXBuildFile; fileRef = 3652527F288170C700F888EA /* Assets.xcassets */; };
		36525283288170C700F888EA /* LaunchScreen.storyboard in Resources */ = {isa = PBXBuildFile; fileRef = 36525281288170C700F888EA /* LaunchScreen.storyboard */; };
		36525286288170C700F888EA /* main.m in Sources */ = {isa = PBXBuildFile; fileRef = 36525285288170C700F888EA /* main.m */; };
		36CE3BDC28817EA1000F7DBF /* face_mesh_mobile_gpu.binarypb in Resources */ = {isa = PBXBuildFile; fileRef = 36CE3BDB28817EA1000F7DBF /* face_mesh_mobile_gpu.binarypb */; };
		36CE3BDE28817F34000F7DBF /* face_detection_short_range.tflite in Resources */ = {isa = PBXBuildFile; fileRef = 36CE3BDD28817F34000F7DBF /* face_detection_short_range.tflite */; };
		36CE3BE028817F53000F7DBF /* face_landmark_with_attention.tflite in Resources */ = {isa = PBXBuildFile; fileRef = 36CE3BDF28817F53000F7DBF /* face_landmark_with_attention.tflite */; };
		36CE3BEB28818752000F7DBF /* CommonMediaPipeFramework.framework in Frameworks */ = {isa = PBXBuildFile; fileRef = 36CE3AC828817995000F7DBF /* CommonMediaPipeFramework.framework */; };
		36CE3BEC28818752000F7DBF /* CommonMediaPipeFramework.framework in Embed Frameworks */ = {isa = PBXBuildFile; fileRef = 36CE3AC828817995000F7DBF /* CommonMediaPipeFramework.framework */; settings = {ATTRIBUTES = (CodeSignOnCopy, RemoveHeadersOnCopy, ); }; };
/* End PBXBuildFile section */

/* Begin PBXContainerItemProxy section */
		36CE3AC728817995000F7DBF /* PBXContainerItemProxy */ = {
			isa = PBXContainerItemProxy;
			containerPortal = 36CE3A8D28817995000F7DBF /* MediapipeiOSCommonLibrary.xcodeproj */;
			proxyType = 2;
			remoteGlobalIDString = AED7A97F8C3BF09C00000000;
			remoteInfo = CommonMediaPipeFramework;
		};
		36CE3AC928817995000F7DBF /* PBXContainerItemProxy */ = {
			isa = PBXContainerItemProxy;
			containerPortal = 36CE3A8D28817995000F7DBF /* MediapipeiOSCommonLibrary.xcodeproj */;
			proxyType = 2;
			remoteGlobalIDString = AED7A97FE5ACACEE00000000;
			remoteInfo = _idx_CommonMediaPipeAppLibrary_C51D93CA_ios_min11.0;
		};
		36CE3ACB28817995000F7DBF /* PBXContainerItemProxy */ = {
			isa = PBXContainerItemProxy;
			containerPortal = 36CE3A8D28817995000F7DBF /* MediapipeiOSCommonLibrary.xcodeproj */;
			proxyType = 2;
			remoteGlobalIDString = AED7A97F3B1796FC00000000;
			remoteInfo = _idx_CommonMediaPipeAppLibrary_C51D93CA_ios_min15.5;
		};
		36CE3ACD28817995000F7DBF /* PBXContainerItemProxy */ = {
			isa = PBXContainerItemProxy;
			containerPortal = 36CE3A8D28817995000F7DBF /* MediapipeiOSCommonLibrary.xcodeproj */;
			proxyType = 2;
			remoteGlobalIDString = AED7A97F8E483A7800000000;
			remoteInfo = _idx_MPPGraphGPUData_733A9D5A_ios_min11.0;
		};
		36CE3ACF28817995000F7DBF /* PBXContainerItemProxy */ = {
			isa = PBXContainerItemProxy;
			containerPortal = 36CE3A8D28817995000F7DBF /* MediapipeiOSCommonLibrary.xcodeproj */;
			proxyType = 2;
			remoteGlobalIDString = AED7A97FC4F2652200000000;
			remoteInfo = _idx_MPPGraphGPUData_733A9D5A_ios_min15.5;
		};
		36CE3AD128817995000F7DBF /* PBXContainerItemProxy */ = {
			isa = PBXContainerItemProxy;
			containerPortal = 36CE3A8D28817995000F7DBF /* MediapipeiOSCommonLibrary.xcodeproj */;
			proxyType = 2;
			remoteGlobalIDString = AED7A97FB036CA0E00000000;
			remoteInfo = _idx_calculator_graph_56642A21_ios_min11.0;
		};
		36CE3AD328817995000F7DBF /* PBXContainerItemProxy */ = {
			isa = PBXContainerItemProxy;
			containerPortal = 36CE3A8D28817995000F7DBF /* MediapipeiOSCommonLibrary.xcodeproj */;
			proxyType = 2;
			remoteGlobalIDString = AED7A97FC74E9AA000000000;
			remoteInfo = _idx_calculator_graph_56642A21_ios_min15.5;
		};
		36CE3AD528817995000F7DBF /* PBXContainerItemProxy */ = {
			isa = PBXContainerItemProxy;
			containerPortal = 36CE3A8D28817995000F7DBF /* MediapipeiOSCommonLibrary.xcodeproj */;
			proxyType = 2;
			remoteGlobalIDString = AED7A97FB234F37000000000;
			remoteInfo = _idx_file_path_BE4663F2_ios_min11.0;
		};
		36CE3AD728817995000F7DBF /* PBXContainerItemProxy */ = {
			isa = PBXContainerItemProxy;
			containerPortal = 36CE3A8D28817995000F7DBF /* MediapipeiOSCommonLibrary.xcodeproj */;
			proxyType = 2;
			remoteGlobalIDString = AED7A97FD9F1FFCE00000000;
			remoteInfo = _idx_file_path_BE4663F2_ios_min15.5;
		};
		36CE3AD928817995000F7DBF /* PBXContainerItemProxy */ = {
			isa = PBXContainerItemProxy;
			containerPortal = 36CE3A8D28817995000F7DBF /* MediapipeiOSCommonLibrary.xcodeproj */;
			proxyType = 2;
			remoteGlobalIDString = AED7A97F17E9E7AC00000000;
			remoteInfo = _idx_gl_calculator_helper_D8986C65_ios_min11.0;
		};
		36CE3ADB28817995000F7DBF /* PBXContainerItemProxy */ = {
			isa = PBXContainerItemProxy;
			containerPortal = 36CE3A8D28817995000F7DBF /* MediapipeiOSCommonLibrary.xcodeproj */;
			proxyType = 2;
			remoteGlobalIDString = AED7A97FEDAA79AC00000000;
			remoteInfo = _idx_gl_calculator_helper_D8986C65_ios_min15.5;
		};
		36CE3ADD28817995000F7DBF /* PBXContainerItemProxy */ = {
			isa = PBXContainerItemProxy;
			containerPortal = 36CE3A8D28817995000F7DBF /* MediapipeiOSCommonLibrary.xcodeproj */;
			proxyType = 2;
			remoteGlobalIDString = AED7A97F077AF2C400000000;
			remoteInfo = _idx_gl_quad_renderer_29146CCB_ios_min11.0;
		};
		36CE3ADF28817995000F7DBF /* PBXContainerItemProxy */ = {
			isa = PBXContainerItemProxy;
			containerPortal = 36CE3A8D28817995000F7DBF /* MediapipeiOSCommonLibrary.xcodeproj */;
			proxyType = 2;
			remoteGlobalIDString = AED7A97F85919CAA00000000;
			remoteInfo = _idx_gl_quad_renderer_29146CCB_ios_min15.5;
		};
		36CE3AE128817995000F7DBF /* PBXContainerItemProxy */ = {
			isa = PBXContainerItemProxy;
			containerPortal = 36CE3A8D28817995000F7DBF /* MediapipeiOSCommonLibrary.xcodeproj */;
			proxyType = 2;
			remoteGlobalIDString = AED7A97F321D0D7800000000;
			remoteInfo = _idx_gl_simple_shaders_6A91D77D_ios_min11.0;
		};
		36CE3AE328817995000F7DBF /* PBXContainerItemProxy */ = {
			isa = PBXContainerItemProxy;
			containerPortal = 36CE3A8D28817995000F7DBF /* MediapipeiOSCommonLibrary.xcodeproj */;
			proxyType = 2;
			remoteGlobalIDString = AED7A97FA1BB1D7E00000000;
			remoteInfo = _idx_gl_simple_shaders_6A91D77D_ios_min15.5;
		};
		36CE3AE528817995000F7DBF /* PBXContainerItemProxy */ = {
			isa = PBXContainerItemProxy;
			containerPortal = 36CE3A8D28817995000F7DBF /* MediapipeiOSCommonLibrary.xcodeproj */;
			proxyType = 2;
			remoteGlobalIDString = AED7A97F3743224400000000;
			remoteInfo = _idx_gpu_buffer_storage_cv_pixel_buffer_gl_texture_buffer_gl_texture_buffer_pool_gl_texture_view_gpu_buffer_26C42D3D_ios_min11.0;
		};
		36CE3AE728817995000F7DBF /* PBXContainerItemProxy */ = {
			isa = PBXContainerItemProxy;
			containerPortal = 36CE3A8D28817995000F7DBF /* MediapipeiOSCommonLibrary.xcodeproj */;
			proxyType = 2;
			remoteGlobalIDString = AED7A97F4E8A433800000000;
			remoteInfo = _idx_gpu_buffer_storage_cv_pixel_buffer_gl_texture_buffer_gl_texture_buffer_pool_gl_texture_view_gpu_buffer_26C42D3D_ios_min15.5;
		};
		36CE3AE928817995000F7DBF /* PBXContainerItemProxy */ = {
			isa = PBXContainerItemProxy;
			containerPortal = 36CE3A8D28817995000F7DBF /* MediapipeiOSCommonLibrary.xcodeproj */;
			proxyType = 2;
			remoteGlobalIDString = AED7A97F21F0D81000000000;
			remoteInfo = _idx_gpu_buffer_storage_gpu_buffer_format_BA46520A_ios_min11.0;
		};
		36CE3AEB28817995000F7DBF /* PBXContainerItemProxy */ = {
			isa = PBXContainerItemProxy;
			containerPortal = 36CE3A8D28817995000F7DBF /* MediapipeiOSCommonLibrary.xcodeproj */;
			proxyType = 2;
			remoteGlobalIDString = AED7A97FF5DC96EC00000000;
			remoteInfo = _idx_gpu_buffer_storage_gpu_buffer_format_BA46520A_ios_min15.5;
		};
		36CE3AED28817995000F7DBF /* PBXContainerItemProxy */ = {
			isa = PBXContainerItemProxy;
			containerPortal = 36CE3A8D28817995000F7DBF /* MediapipeiOSCommonLibrary.xcodeproj */;
			proxyType = 2;
			remoteGlobalIDString = AED7A97F3526CA8600000000;
			remoteInfo = _idx_gpu_service_5498454F_ios_min11.0;
		};
		36CE3AEF28817995000F7DBF /* PBXContainerItemProxy */ = {
			isa = PBXContainerItemProxy;
			containerPortal = 36CE3A8D28817995000F7DBF /* MediapipeiOSCommonLibrary.xcodeproj */;
			proxyType = 2;
			remoteGlobalIDString = AED7A97F474D9FE000000000;
			remoteInfo = _idx_gpu_service_5498454F_ios_min15.5;
		};
		36CE3AF128817995000F7DBF /* PBXContainerItemProxy */ = {
			isa = PBXContainerItemProxy;
			containerPortal = 36CE3A8D28817995000F7DBF /* MediapipeiOSCommonLibrary.xcodeproj */;
			proxyType = 2;
			remoteGlobalIDString = AED7A97FD340F4D600000000;
			remoteInfo = _idx_image_frame_graph_tracer_2BE55A60_ios_min11.0;
		};
		36CE3AF328817995000F7DBF /* PBXContainerItemProxy */ = {
			isa = PBXContainerItemProxy;
			containerPortal = 36CE3A8D28817995000F7DBF /* MediapipeiOSCommonLibrary.xcodeproj */;
			proxyType = 2;
			remoteGlobalIDString = AED7A97F453F762600000000;
			remoteInfo = _idx_image_frame_graph_tracer_2BE55A60_ios_min15.5;
		};
		36CE3AF528817995000F7DBF /* PBXContainerItemProxy */ = {
			isa = PBXContainerItemProxy;
			containerPortal = 36CE3A8D28817995000F7DBF /* MediapipeiOSCommonLibrary.xcodeproj */;
			proxyType = 2;
			remoteGlobalIDString = AED7A97F8566010600000000;
			remoteInfo = _idx_image_gl_context_gpu_buffer_multi_pool_FA7B13A1_ios_min11.0;
		};
		36CE3AF728817995000F7DBF /* PBXContainerItemProxy */ = {
			isa = PBXContainerItemProxy;
			containerPortal = 36CE3A8D28817995000F7DBF /* MediapipeiOSCommonLibrary.xcodeproj */;
			proxyType = 2;
			remoteGlobalIDString = AED7A97F8A2556EC00000000;
			remoteInfo = _idx_image_gl_context_gpu_buffer_multi_pool_FA7B13A1_ios_min15.5;
		};
		36CE3AF928817995000F7DBF /* PBXContainerItemProxy */ = {
			isa = PBXContainerItemProxy;
			containerPortal = 36CE3A8D28817995000F7DBF /* MediapipeiOSCommonLibrary.xcodeproj */;
			proxyType = 2;
			remoteGlobalIDString = AED7A97F7D4E798600000000;
			remoteInfo = _idx_in_order_output_stream_handler_graph_profiler_real_DE5E53DC_ios_min11.0;
		};
		36CE3AFB28817995000F7DBF /* PBXContainerItemProxy */ = {
			isa = PBXContainerItemProxy;
			containerPortal = 36CE3A8D28817995000F7DBF /* MediapipeiOSCommonLibrary.xcodeproj */;
			proxyType = 2;
			remoteGlobalIDString = AED7A97FA1E6951400000000;
			remoteInfo = _idx_in_order_output_stream_handler_graph_profiler_real_DE5E53DC_ios_min15.5;
		};
		36CE3AFD28817995000F7DBF /* PBXContainerItemProxy */ = {
			isa = PBXContainerItemProxy;
			containerPortal = 36CE3A8D28817995000F7DBF /* MediapipeiOSCommonLibrary.xcodeproj */;
			proxyType = 2;
			remoteGlobalIDString = AED7A97F5F7FA9DC00000000;
			remoteInfo = _idx_mediapipe_layer_renderer_mediapipe_framework_ios_mediapipe_gl_view_renderer_025C5145_ios_min11.0;
		};
		36CE3AFF28817995000F7DBF /* PBXContainerItemProxy */ = {
			isa = PBXContainerItemProxy;
			containerPortal = 36CE3A8D28817995000F7DBF /* MediapipeiOSCommonLibrary.xcodeproj */;
			proxyType = 2;
			remoteGlobalIDString = AED7A97F7FEC692E00000000;
			remoteInfo = _idx_mediapipe_layer_renderer_mediapipe_framework_ios_mediapipe_gl_view_renderer_025C5145_ios_min15.5;
		};
		36CE3B0128817995000F7DBF /* PBXContainerItemProxy */ = {
			isa = PBXContainerItemProxy;
			containerPortal = 36CE3A8D28817995000F7DBF /* MediapipeiOSCommonLibrary.xcodeproj */;
			proxyType = 2;
			remoteGlobalIDString = AED7A97F47E958D600000000;
			remoteInfo = _idx_output_stream_manager_calculator_node_default_input_stream_handler_graph_output_stream_input_stream_handler_output_stream_handler_E5EDFB77_ios_min11.0;
		};
		36CE3B0328817995000F7DBF /* PBXContainerItemProxy */ = {
			isa = PBXContainerItemProxy;
			containerPortal = 36CE3A8D28817995000F7DBF /* MediapipeiOSCommonLibrary.xcodeproj */;
			proxyType = 2;
			remoteGlobalIDString = AED7A97F12830D1E00000000;
			remoteInfo = _idx_output_stream_manager_calculator_node_default_input_stream_handler_graph_output_stream_input_stream_handler_output_stream_handler_E5EDFB77_ios_min15.5;
		};
		36CE3B0528817995000F7DBF /* PBXContainerItemProxy */ = {
			isa = PBXContainerItemProxy;
			containerPortal = 36CE3A8D28817995000F7DBF /* MediapipeiOSCommonLibrary.xcodeproj */;
			proxyType = 2;
			remoteGlobalIDString = AED7A97FADF4C90200000000;
			remoteInfo = _idx_pixel_buffer_pool_util_1B0D8C74_ios_min11.0;
		};
		36CE3B0728817995000F7DBF /* PBXContainerItemProxy */ = {
			isa = PBXContainerItemProxy;
			containerPortal = 36CE3A8D28817995000F7DBF /* MediapipeiOSCommonLibrary.xcodeproj */;
			proxyType = 2;
			remoteGlobalIDString = AED7A97FAD72A5DA00000000;
			remoteInfo = _idx_pixel_buffer_pool_util_1B0D8C74_ios_min15.5;
		};
		36CE3B0928817995000F7DBF /* PBXContainerItemProxy */ = {
			isa = PBXContainerItemProxy;
			containerPortal = 36CE3A8D28817995000F7DBF /* MediapipeiOSCommonLibrary.xcodeproj */;
			proxyType = 2;
			remoteGlobalIDString = AED7A97F44128F2A00000000;
			remoteInfo = _idx_profiler_resource_util_7C74EC03_ios_min11.0;
		};
		36CE3B0B28817995000F7DBF /* PBXContainerItemProxy */ = {
			isa = PBXContainerItemProxy;
			containerPortal = 36CE3A8D28817995000F7DBF /* MediapipeiOSCommonLibrary.xcodeproj */;
			proxyType = 2;
			remoteGlobalIDString = AED7A97F364B55EA00000000;
			remoteInfo = _idx_profiler_resource_util_7C74EC03_ios_min15.5;
		};
		36CE3B0D28817995000F7DBF /* PBXContainerItemProxy */ = {
			isa = PBXContainerItemProxy;
			containerPortal = 36CE3A8D28817995000F7DBF /* MediapipeiOSCommonLibrary.xcodeproj */;
			proxyType = 2;
			remoteGlobalIDString = AED7A97FA211ECF400000000;
			remoteInfo = _idx_registration_token_mediapipe_input_sources_ios_C85023BB_ios_min11.0;
		};
		36CE3B0F28817995000F7DBF /* PBXContainerItemProxy */ = {
			isa = PBXContainerItemProxy;
			containerPortal = 36CE3A8D28817995000F7DBF /* MediapipeiOSCommonLibrary.xcodeproj */;
			proxyType = 2;
			remoteGlobalIDString = AED7A97FDC37882E00000000;
			remoteInfo = _idx_registration_token_mediapipe_input_sources_ios_C85023BB_ios_min15.5;
		};
		36CE3B1128817995000F7DBF /* PBXContainerItemProxy */ = {
			isa = PBXContainerItemProxy;
			containerPortal = 36CE3A8D28817995000F7DBF /* MediapipeiOSCommonLibrary.xcodeproj */;
			proxyType = 2;
			remoteGlobalIDString = AED7A97F1EFFA14000000000;
			remoteInfo = _idx_scheduler_queue_1DE575B5_ios_min11.0;
		};
		36CE3B1328817995000F7DBF /* PBXContainerItemProxy */ = {
			isa = PBXContainerItemProxy;
			containerPortal = 36CE3A8D28817995000F7DBF /* MediapipeiOSCommonLibrary.xcodeproj */;
			proxyType = 2;
			remoteGlobalIDString = AED7A97F1389FE9E00000000;
			remoteInfo = _idx_scheduler_queue_1DE575B5_ios_min15.5;
		};
		36CE3B1528817995000F7DBF /* PBXContainerItemProxy */ = {
			isa = PBXContainerItemProxy;
			containerPortal = 36CE3A8D28817995000F7DBF /* MediapipeiOSCommonLibrary.xcodeproj */;
			proxyType = 2;
			remoteGlobalIDString = AED7A97FE5E909D200000000;
			remoteInfo = _idx_shader_util_F77AE4F3_ios_min11.0;
		};
		36CE3B1728817995000F7DBF /* PBXContainerItemProxy */ = {
			isa = PBXContainerItemProxy;
			containerPortal = 36CE3A8D28817995000F7DBF /* MediapipeiOSCommonLibrary.xcodeproj */;
			proxyType = 2;
			remoteGlobalIDString = AED7A97F643D598200000000;
			remoteInfo = _idx_shader_util_F77AE4F3_ios_min15.5;
		};
		36CE3B1928817995000F7DBF /* PBXContainerItemProxy */ = {
			isa = PBXContainerItemProxy;
			containerPortal = 36CE3A8D28817995000F7DBF /* MediapipeiOSCommonLibrary.xcodeproj */;
			proxyType = 2;
			remoteGlobalIDString = AED7A97F991804C800000000;
			remoteInfo = _idx_sink_4333A28C_ios_min11.0;
		};
		36CE3B1B28817995000F7DBF /* PBXContainerItemProxy */ = {
			isa = PBXContainerItemProxy;
			containerPortal = 36CE3A8D28817995000F7DBF /* MediapipeiOSCommonLibrary.xcodeproj */;
			proxyType = 2;
			remoteGlobalIDString = AED7A97FD777718E00000000;
			remoteInfo = _idx_sink_4333A28C_ios_min15.5;
		};
		36CE3B1D28817995000F7DBF /* PBXContainerItemProxy */ = {
			isa = PBXContainerItemProxy;
			containerPortal = 36CE3A8D28817995000F7DBF /* MediapipeiOSCommonLibrary.xcodeproj */;
			proxyType = 2;
			remoteGlobalIDString = AED7A97F9DD9CFC800000000;
			remoteInfo = _idx_timestamp_collection_item_id_cpu_util_file_helpers_1C3B0888_ios_min11.0;
		};
		36CE3B1F28817995000F7DBF /* PBXContainerItemProxy */ = {
			isa = PBXContainerItemProxy;
			containerPortal = 36CE3A8D28817995000F7DBF /* MediapipeiOSCommonLibrary.xcodeproj */;
			proxyType = 2;
			remoteGlobalIDString = AED7A97F2F4C026A00000000;
			remoteInfo = _idx_timestamp_collection_item_id_cpu_util_file_helpers_1C3B0888_ios_min15.5;
		};
		36CE3B2128817995000F7DBF /* PBXContainerItemProxy */ = {
			isa = PBXContainerItemProxy;
			containerPortal = 36CE3A8D28817995000F7DBF /* MediapipeiOSCommonLibrary.xcodeproj */;
			proxyType = 2;
			remoteGlobalIDString = AED7A97FBB119A0400000000;
			remoteInfo = _idx_topologicalsorter_clock_counter_factory_registration_ret_check_status_status_util_threadpool_324A4D0F_ios_min11.0;
		};
		36CE3B2328817995000F7DBF /* PBXContainerItemProxy */ = {
			isa = PBXContainerItemProxy;
			containerPortal = 36CE3A8D28817995000F7DBF /* MediapipeiOSCommonLibrary.xcodeproj */;
			proxyType = 2;
			remoteGlobalIDString = AED7A97FC513C53C00000000;
			remoteInfo = _idx_topologicalsorter_clock_counter_factory_registration_ret_check_status_status_util_threadpool_324A4D0F_ios_min15.5;
		};
		36CE3B2528817995000F7DBF /* PBXContainerItemProxy */ = {
			isa = PBXContainerItemProxy;
			containerPortal = 36CE3A8D28817995000F7DBF /* MediapipeiOSCommonLibrary.xcodeproj */;
			proxyType = 2;
			remoteGlobalIDString = AED7A97F6BFDF6B800000000;
			remoteInfo = _idx_util_calculator_contract_fill_packet_set_graph_service_manager_input_side_packet_handler_input_stream_manager_input_stream_shard_output_side_packet_impl_output_stream_shard_pac_etc_31332C59_ios_min11.0;
		};
		36CE3B2728817995000F7DBF /* PBXContainerItemProxy */ = {
			isa = PBXContainerItemProxy;
			containerPortal = 36CE3A8D28817995000F7DBF /* MediapipeiOSCommonLibrary.xcodeproj */;
			proxyType = 2;
			remoteGlobalIDString = AED7A97FF236493200000000;
			remoteInfo = _idx_util_calculator_contract_fill_packet_set_graph_service_manager_input_side_packet_handler_input_stream_manager_input_stream_shard_output_side_packet_impl_output_stream_shard_pac_etc_31332C59_ios_min15.5;
		};
		36CE3B2928817995000F7DBF /* PBXContainerItemProxy */ = {
			isa = PBXContainerItemProxy;
			containerPortal = 36CE3A8D28817995000F7DBF /* MediapipeiOSCommonLibrary.xcodeproj */;
			proxyType = 2;
			remoteGlobalIDString = AED7A97F51BE02D600000000;
			remoteInfo = _idx_validate_name_callback_packet_calculator_delegating_executor_executor_name_util_options_field_util_options_registry_options_syntax_util_options_util_packet_generator_graph_pack_etc_6A700505_ios_min11.0;
		};
		36CE3B2B28817995000F7DBF /* PBXContainerItemProxy */ = {
			isa = PBXContainerItemProxy;
			containerPortal = 36CE3A8D28817995000F7DBF /* MediapipeiOSCommonLibrary.xcodeproj */;
			proxyType = 2;
			remoteGlobalIDString = AED7A97F56015A4400000000;
			remoteInfo = _idx_validate_name_callback_packet_calculator_delegating_executor_executor_name_util_options_field_util_options_registry_options_syntax_util_options_util_packet_generator_graph_pack_etc_6A700505_ios_min15.5;
		};
		36CE3B2D28817995000F7DBF /* PBXContainerItemProxy */ = {
			isa = PBXContainerItemProxy;
			containerPortal = 36CE3A8D28817995000F7DBF /* MediapipeiOSCommonLibrary.xcodeproj */;
			proxyType = 2;
			remoteGlobalIDString = AED7A97FEDE1F8A600000000;
			remoteInfo = _idx_validated_graph_config_calculator_base_calculator_context_calculator_context_manager_calculator_state_legacy_calculator_support_170CFE69_ios_min11.0;
		};
		36CE3B2F28817995000F7DBF /* PBXContainerItemProxy */ = {
			isa = PBXContainerItemProxy;
			containerPortal = 36CE3A8D28817995000F7DBF /* MediapipeiOSCommonLibrary.xcodeproj */;
			proxyType = 2;
			remoteGlobalIDString = AED7A97F4855D79C00000000;
			remoteInfo = _idx_validated_graph_config_calculator_base_calculator_context_calculator_context_manager_calculator_state_legacy_calculator_support_170CFE69_ios_min15.5;
		};
		36CE3B3128817995000F7DBF /* PBXContainerItemProxy */ = {
			isa = PBXContainerItemProxy;
			containerPortal = 36CE3A8D28817995000F7DBF /* MediapipeiOSCommonLibrary.xcodeproj */;
			proxyType = 2;
			remoteGlobalIDString = AED7A97FB3A9306000000000;
			remoteInfo = "mediapipe-examples-ios-common-CommonMediaPipeAppLibrary";
		};
		36CE3BED28818757000F7DBF /* PBXContainerItemProxy */ = {
			isa = PBXContainerItemProxy;
			containerPortal = 36CE3A8D28817995000F7DBF /* MediapipeiOSCommonLibrary.xcodeproj */;
			proxyType = 1;
			remoteGlobalIDString = D807E501A117EDB400000000;
			remoteInfo = CommonMediaPipeFramework;
		};
/* End PBXContainerItemProxy section */

/* Begin PBXCopyFilesBuildPhase section */
		36CE3BEA2881872D000F7DBF /* Embed Frameworks */ = {
			isa = PBXCopyFilesBuildPhase;
			buildActionMask = 2147483647;
			dstPath = "";
			dstSubfolderSpec = 10;
			files = (
				36CE3BEC28818752000F7DBF /* CommonMediaPipeFramework.framework in Embed Frameworks */,
			);
			name = "Embed Frameworks";
			runOnlyForDeploymentPostprocessing = 0;
		};
/* End PBXCopyFilesBuildPhase section */

/* Begin PBXFileReference section */
		36525270288170C600F888EA /* MediapipeiOSPlayground.app */ = {isa = PBXFileReference; explicitFileType = wrapper.application; includeInIndex = 0; path = MediapipeiOSPlayground.app; sourceTree = BUILT_PRODUCTS_DIR; };
		36525273288170C600F888EA /* AppDelegate.h */ = {isa = PBXFileReference; lastKnownFileType = sourcecode.c.h; path = AppDelegate.h; sourceTree = "<group>"; };
		36525274288170C600F888EA /* AppDelegate.m */ = {isa = PBXFileReference; lastKnownFileType = sourcecode.c.objc; path = AppDelegate.m; sourceTree = "<group>"; };
		36525276288170C600F888EA /* SceneDelegate.h */ = {isa = PBXFileReference; lastKnownFileType = sourcecode.c.h; path = SceneDelegate.h; sourceTree = "<group>"; };
		36525277288170C600F888EA /* SceneDelegate.m */ = {isa = PBXFileReference; lastKnownFileType = sourcecode.c.objc; path = SceneDelegate.m; sourceTree = "<group>"; };
		36525279288170C600F888EA /* ViewController.h */ = {isa = PBXFileReference; lastKnownFileType = sourcecode.c.h; path = ViewController.h; sourceTree = "<group>"; };
		3652527A288170C600F888EA /* ViewController.m */ = {isa = PBXFileReference; lastKnownFileType = sourcecode.c.objc; path = ViewController.m; sourceTree = "<group>"; };
		3652527D288170C600F888EA /* Base */ = {isa = PBXFileReference; lastKnownFileType = file.storyboard; name = Base; path = Base.lproj/Main.storyboard; sourceTree = "<group>"; };
		3652527F288170C700F888EA /* Assets.xcassets */ = {isa = PBXFileReference; lastKnownFileType = folder.assetcatalog; path = Assets.xcassets; sourceTree = "<group>"; };
		36525282288170C700F888EA /* Base */ = {isa = PBXFileReference; lastKnownFileType = file.storyboard; name = Base; path = Base.lproj/LaunchScreen.storyboard; sourceTree = "<group>"; };
		36525284288170C700F888EA /* Info.plist */ = {isa = PBXFileReference; lastKnownFileType = text.plist.xml; path = Info.plist; sourceTree = "<group>"; };
		36525285288170C700F888EA /* main.m */ = {isa = PBXFileReference; lastKnownFileType = sourcecode.c.objc; path = main.m; sourceTree = "<group>"; };
		36CE3A8D28817995000F7DBF /* MediapipeiOSCommonLibrary.xcodeproj */ = {isa = PBXFileReference; lastKnownFileType = "wrapper.pb-project"; name = MediapipeiOSCommonLibrary.xcodeproj; path = ../../common/MediapipeiOSCommonLibrary.xcodeproj; sourceTree = "<group>"; };
		36CE3BDB28817EA1000F7DBF /* face_mesh_mobile_gpu.binarypb */ = {isa = PBXFileReference; fileEncoding = 4; lastKnownFileType = text; path = face_mesh_mobile_gpu.binarypb; sourceTree = "<group>"; };
		36CE3BDD28817F34000F7DBF /* face_detection_short_range.tflite */ = {isa = PBXFileReference; lastKnownFileType = file; name = face_detection_short_range.tflite; path = ../../../../../modules/face_detection/face_detection_short_range.tflite; sourceTree = "<group>"; };
		36CE3BDF28817F53000F7DBF /* face_landmark_with_attention.tflite */ = {isa = PBXFileReference; lastKnownFileType = file; name = face_landmark_with_attention.tflite; path = ../../../../../modules/face_landmark/face_landmark_with_attention.tflite; sourceTree = "<group>"; };
/* End PBXFileReference section */

/* Begin PBXFrameworksBuildPhase section */
		3652526D288170C600F888EA /* Frameworks */ = {
			isa = PBXFrameworksBuildPhase;
			buildActionMask = 2147483647;
			files = (
				36CE3BEB28818752000F7DBF /* CommonMediaPipeFramework.framework in Frameworks */,
			);
			runOnlyForDeploymentPostprocessing = 0;
		};
/* End PBXFrameworksBuildPhase section */

/* Begin PBXGroup section */
		36525267288170C600F888EA = {
			isa = PBXGroup;
			children = (
				36CE3A8D28817995000F7DBF /* MediapipeiOSCommonLibrary.xcodeproj */,
				36525272288170C600F888EA /* MediapipeiOSPlayground */,
				36525271288170C600F888EA /* Products */,
				365252F0288170EC00F888EA /* Frameworks */,
			);
			sourceTree = "<group>";
		};
		36525271288170C600F888EA /* Products */ = {
			isa = PBXGroup;
			children = (
				36525270288170C600F888EA /* MediapipeiOSPlayground.app */,
			);
			name = Products;
			sourceTree = "<group>";
		};
		36525272288170C600F888EA /* MediapipeiOSPlayground */ = {
			isa = PBXGroup;
			children = (
				36525273288170C600F888EA /* AppDelegate.h */,
				36525274288170C600F888EA /* AppDelegate.m */,
				36525276288170C600F888EA /* SceneDelegate.h */,
				36525277288170C600F888EA /* SceneDelegate.m */,
				36525279288170C600F888EA /* ViewController.h */,
				3652527A288170C600F888EA /* ViewController.m */,
				36CE3BDB28817EA1000F7DBF /* face_mesh_mobile_gpu.binarypb */,
				36CE3BDD28817F34000F7DBF /* face_detection_short_range.tflite */,
				36CE3BDF28817F53000F7DBF /* face_landmark_with_attention.tflite */,
				3652527C288170C600F888EA /* Main.storyboard */,
				3652527F288170C700F888EA /* Assets.xcassets */,
				36525281288170C700F888EA /* LaunchScreen.storyboard */,
				36525284288170C700F888EA /* Info.plist */,
				36525285288170C700F888EA /* main.m */,
			);
			path = MediapipeiOSPlayground;
			sourceTree = "<group>";
		};
		365252F0288170EC00F888EA /* Frameworks */ = {
			isa = PBXGroup;
			children = (
			);
			name = Frameworks;
			sourceTree = "<group>";
		};
		36CE3A8E28817995000F7DBF /* Products */ = {
			isa = PBXGroup;
			children = (
				36CE3AC828817995000F7DBF /* CommonMediaPipeFramework.framework */,
				36CE3ACA28817995000F7DBF /* lib_idx_CommonMediaPipeAppLibrary_C51D93CA_ios_min11.0.a */,
				36CE3ACC28817995000F7DBF /* lib_idx_CommonMediaPipeAppLibrary_C51D93CA_ios_min15.5.a */,
				36CE3ACE28817995000F7DBF /* lib_idx_MPPGraphGPUData_733A9D5A_ios_min11.0.a */,
				36CE3AD028817995000F7DBF /* lib_idx_MPPGraphGPUData_733A9D5A_ios_min15.5.a */,
				36CE3AD228817995000F7DBF /* lib_idx_calculator_graph_56642A21_ios_min11.0.a */,
				36CE3AD428817995000F7DBF /* lib_idx_calculator_graph_56642A21_ios_min15.5.a */,
				36CE3AD628817995000F7DBF /* lib_idx_file_path_BE4663F2_ios_min11.0.a */,
				36CE3AD828817995000F7DBF /* lib_idx_file_path_BE4663F2_ios_min15.5.a */,
				36CE3ADA28817995000F7DBF /* lib_idx_gl_calculator_helper_D8986C65_ios_min11.0.a */,
				36CE3ADC28817995000F7DBF /* lib_idx_gl_calculator_helper_D8986C65_ios_min15.5.a */,
				36CE3ADE28817995000F7DBF /* lib_idx_gl_quad_renderer_29146CCB_ios_min11.0.a */,
				36CE3AE028817995000F7DBF /* lib_idx_gl_quad_renderer_29146CCB_ios_min15.5.a */,
				36CE3AE228817995000F7DBF /* lib_idx_gl_simple_shaders_6A91D77D_ios_min11.0.a */,
				36CE3AE428817995000F7DBF /* lib_idx_gl_simple_shaders_6A91D77D_ios_min15.5.a */,
				36CE3AE628817995000F7DBF /* lib_idx_gpu_buffer_storage_cv_pixel_buffer_gl_texture_buffer_gl_texture_buffer_pool_gl_texture_view_gpu_buffer_26C42D3D_ios_min11.0.a */,
				36CE3AE828817995000F7DBF /* lib_idx_gpu_buffer_storage_cv_pixel_buffer_gl_texture_buffer_gl_texture_buffer_pool_gl_texture_view_gpu_buffer_26C42D3D_ios_min15.5.a */,
				36CE3AEA28817995000F7DBF /* lib_idx_gpu_buffer_storage_gpu_buffer_format_BA46520A_ios_min11.0.a */,
				36CE3AEC28817995000F7DBF /* lib_idx_gpu_buffer_storage_gpu_buffer_format_BA46520A_ios_min15.5.a */,
				36CE3AEE28817995000F7DBF /* lib_idx_gpu_service_5498454F_ios_min11.0.a */,
				36CE3AF028817995000F7DBF /* lib_idx_gpu_service_5498454F_ios_min15.5.a */,
				36CE3AF228817995000F7DBF /* lib_idx_image_frame_graph_tracer_2BE55A60_ios_min11.0.a */,
				36CE3AF428817995000F7DBF /* lib_idx_image_frame_graph_tracer_2BE55A60_ios_min15.5.a */,
				36CE3AF628817995000F7DBF /* lib_idx_image_gl_context_gpu_buffer_multi_pool_FA7B13A1_ios_min11.0.a */,
				36CE3AF828817995000F7DBF /* lib_idx_image_gl_context_gpu_buffer_multi_pool_FA7B13A1_ios_min15.5.a */,
				36CE3AFA28817995000F7DBF /* lib_idx_in_order_output_stream_handler_graph_profiler_real_DE5E53DC_ios_min11.0.a */,
				36CE3AFC28817995000F7DBF /* lib_idx_in_order_output_stream_handler_graph_profiler_real_DE5E53DC_ios_min15.5.a */,
				36CE3AFE28817995000F7DBF /* lib_idx_mediapipe_layer_renderer_mediapipe_framework_ios_mediapipe_gl_view_renderer_025C5145_ios_min11.0.a */,
				36CE3B0028817995000F7DBF /* lib_idx_mediapipe_layer_renderer_mediapipe_framework_ios_mediapipe_gl_view_renderer_025C5145_ios_min15.5.a */,
				36CE3B0228817995000F7DBF /* lib_idx_output_stream_manager_calculator_node_default_input_stream_handler_graph_output_stream_input_stream_handler_output_stream_handler_E5EDFB77_ios_min11.0.a */,
				36CE3B0428817995000F7DBF /* lib_idx_output_stream_manager_calculator_node_default_input_stream_handler_graph_output_stream_input_stream_handler_output_stream_handler_E5EDFB77_ios_min15.5.a */,
				36CE3B0628817995000F7DBF /* lib_idx_pixel_buffer_pool_util_1B0D8C74_ios_min11.0.a */,
				36CE3B0828817995000F7DBF /* lib_idx_pixel_buffer_pool_util_1B0D8C74_ios_min15.5.a */,
				36CE3B0A28817995000F7DBF /* lib_idx_profiler_resource_util_7C74EC03_ios_min11.0.a */,
				36CE3B0C28817995000F7DBF /* lib_idx_profiler_resource_util_7C74EC03_ios_min15.5.a */,
				36CE3B0E28817995000F7DBF /* lib_idx_registration_token_mediapipe_input_sources_ios_C85023BB_ios_min11.0.a */,
				36CE3B1028817995000F7DBF /* lib_idx_registration_token_mediapipe_input_sources_ios_C85023BB_ios_min15.5.a */,
				36CE3B1228817995000F7DBF /* lib_idx_scheduler_queue_1DE575B5_ios_min11.0.a */,
				36CE3B1428817995000F7DBF /* lib_idx_scheduler_queue_1DE575B5_ios_min15.5.a */,
				36CE3B1628817995000F7DBF /* lib_idx_shader_util_F77AE4F3_ios_min11.0.a */,
				36CE3B1828817995000F7DBF /* lib_idx_shader_util_F77AE4F3_ios_min15.5.a */,
				36CE3B1A28817995000F7DBF /* lib_idx_sink_4333A28C_ios_min11.0.a */,
				36CE3B1C28817995000F7DBF /* lib_idx_sink_4333A28C_ios_min15.5.a */,
				36CE3B1E28817995000F7DBF /* lib_idx_timestamp_collection_item_id_cpu_util_file_helpers_1C3B0888_ios_min11.0.a */,
				36CE3B2028817995000F7DBF /* lib_idx_timestamp_collection_item_id_cpu_util_file_helpers_1C3B0888_ios_min15.5.a */,
				36CE3B2228817995000F7DBF /* lib_idx_topologicalsorter_clock_counter_factory_registration_ret_check_status_status_util_threadpool_324A4D0F_ios_min11.0.a */,
				36CE3B2428817995000F7DBF /* lib_idx_topologicalsorter_clock_counter_factory_registration_ret_check_status_status_util_threadpool_324A4D0F_ios_min15.5.a */,
				36CE3B2628817995000F7DBF /* lib_idx_util_calculator_contract_fill_packet_set_graph_service_manager_input_side_packet_handler_input_stream_manager_input_stream_shard_output_side_packet_impl_output_stream_shard_pac_etc_31332C59_ios_min11.0.a */,
				36CE3B2828817995000F7DBF /* lib_idx_util_calculator_contract_fill_packet_set_graph_service_manager_input_side_packet_handler_input_stream_manager_input_stream_shard_output_side_packet_impl_output_stream_shard_pac_etc_31332C59_ios_min15.5.a */,
				36CE3B2A28817995000F7DBF /* lib_idx_validate_name_callback_packet_calculator_delegating_executor_executor_name_util_options_field_util_options_registry_options_syntax_util_options_util_packet_generator_graph_pack_etc_6A700505_ios_min11.0.a */,
				36CE3B2C28817995000F7DBF /* lib_idx_validate_name_callback_packet_calculator_delegating_executor_executor_name_util_options_field_util_options_registry_options_syntax_util_options_util_packet_generator_graph_pack_etc_6A700505_ios_min15.5.a */,
				36CE3B2E28817995000F7DBF /* lib_idx_validated_graph_config_calculator_base_calculator_context_calculator_context_manager_calculator_state_legacy_calculator_support_170CFE69_ios_min11.0.a */,
				36CE3B3028817995000F7DBF /* lib_idx_validated_graph_config_calculator_base_calculator_context_calculator_context_manager_calculator_state_legacy_calculator_support_170CFE69_ios_min15.5.a */,
				36CE3B3228817995000F7DBF /* libmediapipe-examples-ios-common-CommonMediaPipeAppLibrary.a */,
			);
			name = Products;
			sourceTree = "<group>";
		};
/* End PBXGroup section */

/* Begin PBXNativeTarget section */
		3652526F288170C600F888EA /* MediapipeiOSPlayground */ = {
			isa = PBXNativeTarget;
			buildConfigurationList = 36525289288170C700F888EA /* Build configuration list for PBXNativeTarget "MediapipeiOSPlayground" */;
			buildPhases = (
				3652526C288170C600F888EA /* Sources */,
				3652526D288170C600F888EA /* Frameworks */,
				3652526E288170C600F888EA /* Resources */,
				36CE3BEA2881872D000F7DBF /* Embed Frameworks */,
			);
			buildRules = (
			);
			dependencies = (
				36CE3BEE28818757000F7DBF /* PBXTargetDependency */,
			);
			name = MediapipeiOSPlayground;
			productName = MediapipeiOSPlayground;
			productReference = 36525270288170C600F888EA /* MediapipeiOSPlayground.app */;
			productType = "com.apple.product-type.application";
		};
/* End PBXNativeTarget section */

/* Begin PBXProject section */
		36525268288170C600F888EA /* Project object */ = {
			isa = PBXProject;
			attributes = {
				BuildIndependentTargetsInParallel = 1;
				LastUpgradeCheck = 1340;
				TargetAttributes = {
					3652526F288170C600F888EA = {
						CreatedOnToolsVersion = 13.4.1;
					};
				};
			};
			buildConfigurationList = 3652526B288170C600F888EA /* Build configuration list for PBXProject "MediapipeiOSPlayground" */;
			compatibilityVersion = "Xcode 13.0";
			developmentRegion = en;
			hasScannedForEncodings = 0;
			knownRegions = (
				en,
				Base,
			);
			mainGroup = 36525267288170C600F888EA;
			productRefGroup = 36525271288170C600F888EA /* Products */;
			projectDirPath = "";
			projectReferences = (
				{
					ProductGroup = 36CE3A8E28817995000F7DBF /* Products */;
					ProjectRef = 36CE3A8D28817995000F7DBF /* MediapipeiOSCommonLibrary.xcodeproj */;
				},
			);
			projectRoot = "";
			targets = (
				3652526F288170C600F888EA /* MediapipeiOSPlayground */,
			);
		};
/* End PBXProject section */

/* Begin PBXReferenceProxy section */
		36CE3AC828817995000F7DBF /* CommonMediaPipeFramework.framework */ = {
			isa = PBXReferenceProxy;
			fileType = wrapper.framework;
			path = CommonMediaPipeFramework.framework;
			remoteRef = 36CE3AC728817995000F7DBF /* PBXContainerItemProxy */;
			sourceTree = BUILT_PRODUCTS_DIR;
		};
		36CE3ACA28817995000F7DBF /* lib_idx_CommonMediaPipeAppLibrary_C51D93CA_ios_min11.0.a */ = {
			isa = PBXReferenceProxy;
			fileType = archive.ar;
			path = lib_idx_CommonMediaPipeAppLibrary_C51D93CA_ios_min11.0.a;
			remoteRef = 36CE3AC928817995000F7DBF /* PBXContainerItemProxy */;
			sourceTree = BUILT_PRODUCTS_DIR;
		};
		36CE3ACC28817995000F7DBF /* lib_idx_CommonMediaPipeAppLibrary_C51D93CA_ios_min15.5.a */ = {
			isa = PBXReferenceProxy;
			fileType = archive.ar;
			path = lib_idx_CommonMediaPipeAppLibrary_C51D93CA_ios_min15.5.a;
			remoteRef = 36CE3ACB28817995000F7DBF /* PBXContainerItemProxy */;
			sourceTree = BUILT_PRODUCTS_DIR;
		};
		36CE3ACE28817995000F7DBF /* lib_idx_MPPGraphGPUData_733A9D5A_ios_min11.0.a */ = {
			isa = PBXReferenceProxy;
			fileType = archive.ar;
			path = lib_idx_MPPGraphGPUData_733A9D5A_ios_min11.0.a;
			remoteRef = 36CE3ACD28817995000F7DBF /* PBXContainerItemProxy */;
			sourceTree = BUILT_PRODUCTS_DIR;
		};
		36CE3AD028817995000F7DBF /* lib_idx_MPPGraphGPUData_733A9D5A_ios_min15.5.a */ = {
			isa = PBXReferenceProxy;
			fileType = archive.ar;
			path = lib_idx_MPPGraphGPUData_733A9D5A_ios_min15.5.a;
			remoteRef = 36CE3ACF28817995000F7DBF /* PBXContainerItemProxy */;
			sourceTree = BUILT_PRODUCTS_DIR;
		};
		36CE3AD228817995000F7DBF /* lib_idx_calculator_graph_56642A21_ios_min11.0.a */ = {
			isa = PBXReferenceProxy;
			fileType = archive.ar;
			path = lib_idx_calculator_graph_56642A21_ios_min11.0.a;
			remoteRef = 36CE3AD128817995000F7DBF /* PBXContainerItemProxy */;
			sourceTree = BUILT_PRODUCTS_DIR;
		};
		36CE3AD428817995000F7DBF /* lib_idx_calculator_graph_56642A21_ios_min15.5.a */ = {
			isa = PBXReferenceProxy;
			fileType = archive.ar;
			path = lib_idx_calculator_graph_56642A21_ios_min15.5.a;
			remoteRef = 36CE3AD328817995000F7DBF /* PBXContainerItemProxy */;
			sourceTree = BUILT_PRODUCTS_DIR;
		};
		36CE3AD628817995000F7DBF /* lib_idx_file_path_BE4663F2_ios_min11.0.a */ = {
			isa = PBXReferenceProxy;
			fileType = archive.ar;
			path = lib_idx_file_path_BE4663F2_ios_min11.0.a;
			remoteRef = 36CE3AD528817995000F7DBF /* PBXContainerItemProxy */;
			sourceTree = BUILT_PRODUCTS_DIR;
		};
		36CE3AD828817995000F7DBF /* lib_idx_file_path_BE4663F2_ios_min15.5.a */ = {
			isa = PBXReferenceProxy;
			fileType = archive.ar;
			path = lib_idx_file_path_BE4663F2_ios_min15.5.a;
			remoteRef = 36CE3AD728817995000F7DBF /* PBXContainerItemProxy */;
			sourceTree = BUILT_PRODUCTS_DIR;
		};
		36CE3ADA28817995000F7DBF /* lib_idx_gl_calculator_helper_D8986C65_ios_min11.0.a */ = {
			isa = PBXReferenceProxy;
			fileType = archive.ar;
			path = lib_idx_gl_calculator_helper_D8986C65_ios_min11.0.a;
			remoteRef = 36CE3AD928817995000F7DBF /* PBXContainerItemProxy */;
			sourceTree = BUILT_PRODUCTS_DIR;
		};
		36CE3ADC28817995000F7DBF /* lib_idx_gl_calculator_helper_D8986C65_ios_min15.5.a */ = {
			isa = PBXReferenceProxy;
			fileType = archive.ar;
			path = lib_idx_gl_calculator_helper_D8986C65_ios_min15.5.a;
			remoteRef = 36CE3ADB28817995000F7DBF /* PBXContainerItemProxy */;
			sourceTree = BUILT_PRODUCTS_DIR;
		};
		36CE3ADE28817995000F7DBF /* lib_idx_gl_quad_renderer_29146CCB_ios_min11.0.a */ = {
			isa = PBXReferenceProxy;
			fileType = archive.ar;
			path = lib_idx_gl_quad_renderer_29146CCB_ios_min11.0.a;
			remoteRef = 36CE3ADD28817995000F7DBF /* PBXContainerItemProxy */;
			sourceTree = BUILT_PRODUCTS_DIR;
		};
		36CE3AE028817995000F7DBF /* lib_idx_gl_quad_renderer_29146CCB_ios_min15.5.a */ = {
			isa = PBXReferenceProxy;
			fileType = archive.ar;
			path = lib_idx_gl_quad_renderer_29146CCB_ios_min15.5.a;
			remoteRef = 36CE3ADF28817995000F7DBF /* PBXContainerItemProxy */;
			sourceTree = BUILT_PRODUCTS_DIR;
		};
		36CE3AE228817995000F7DBF /* lib_idx_gl_simple_shaders_6A91D77D_ios_min11.0.a */ = {
			isa = PBXReferenceProxy;
			fileType = archive.ar;
			path = lib_idx_gl_simple_shaders_6A91D77D_ios_min11.0.a;
			remoteRef = 36CE3AE128817995000F7DBF /* PBXContainerItemProxy */;
			sourceTree = BUILT_PRODUCTS_DIR;
		};
		36CE3AE428817995000F7DBF /* lib_idx_gl_simple_shaders_6A91D77D_ios_min15.5.a */ = {
			isa = PBXReferenceProxy;
			fileType = archive.ar;
			path = lib_idx_gl_simple_shaders_6A91D77D_ios_min15.5.a;
			remoteRef = 36CE3AE328817995000F7DBF /* PBXContainerItemProxy */;
			sourceTree = BUILT_PRODUCTS_DIR;
		};
		36CE3AE628817995000F7DBF /* lib_idx_gpu_buffer_storage_cv_pixel_buffer_gl_texture_buffer_gl_texture_buffer_pool_gl_texture_view_gpu_buffer_26C42D3D_ios_min11.0.a */ = {
			isa = PBXReferenceProxy;
			fileType = archive.ar;
			path = lib_idx_gpu_buffer_storage_cv_pixel_buffer_gl_texture_buffer_gl_texture_buffer_pool_gl_texture_view_gpu_buffer_26C42D3D_ios_min11.0.a;
			remoteRef = 36CE3AE528817995000F7DBF /* PBXContainerItemProxy */;
			sourceTree = BUILT_PRODUCTS_DIR;
		};
		36CE3AE828817995000F7DBF /* lib_idx_gpu_buffer_storage_cv_pixel_buffer_gl_texture_buffer_gl_texture_buffer_pool_gl_texture_view_gpu_buffer_26C42D3D_ios_min15.5.a */ = {
			isa = PBXReferenceProxy;
			fileType = archive.ar;
			path = lib_idx_gpu_buffer_storage_cv_pixel_buffer_gl_texture_buffer_gl_texture_buffer_pool_gl_texture_view_gpu_buffer_26C42D3D_ios_min15.5.a;
			remoteRef = 36CE3AE728817995000F7DBF /* PBXContainerItemProxy */;
			sourceTree = BUILT_PRODUCTS_DIR;
		};
		36CE3AEA28817995000F7DBF /* lib_idx_gpu_buffer_storage_gpu_buffer_format_BA46520A_ios_min11.0.a */ = {
			isa = PBXReferenceProxy;
			fileType = archive.ar;
			path = lib_idx_gpu_buffer_storage_gpu_buffer_format_BA46520A_ios_min11.0.a;
			remoteRef = 36CE3AE928817995000F7DBF /* PBXContainerItemProxy */;
			sourceTree = BUILT_PRODUCTS_DIR;
		};
		36CE3AEC28817995000F7DBF /* lib_idx_gpu_buffer_storage_gpu_buffer_format_BA46520A_ios_min15.5.a */ = {
			isa = PBXReferenceProxy;
			fileType = archive.ar;
			path = lib_idx_gpu_buffer_storage_gpu_buffer_format_BA46520A_ios_min15.5.a;
			remoteRef = 36CE3AEB28817995000F7DBF /* PBXContainerItemProxy */;
			sourceTree = BUILT_PRODUCTS_DIR;
		};
		36CE3AEE28817995000F7DBF /* lib_idx_gpu_service_5498454F_ios_min11.0.a */ = {
			isa = PBXReferenceProxy;
			fileType = archive.ar;
			path = lib_idx_gpu_service_5498454F_ios_min11.0.a;
			remoteRef = 36CE3AED28817995000F7DBF /* PBXContainerItemProxy */;
			sourceTree = BUILT_PRODUCTS_DIR;
		};
		36CE3AF028817995000F7DBF /* lib_idx_gpu_service_5498454F_ios_min15.5.a */ = {
			isa = PBXReferenceProxy;
			fileType = archive.ar;
			path = lib_idx_gpu_service_5498454F_ios_min15.5.a;
			remoteRef = 36CE3AEF28817995000F7DBF /* PBXContainerItemProxy */;
			sourceTree = BUILT_PRODUCTS_DIR;
		};
		36CE3AF228817995000F7DBF /* lib_idx_image_frame_graph_tracer_2BE55A60_ios_min11.0.a */ = {
			isa = PBXReferenceProxy;
			fileType = archive.ar;
			path = lib_idx_image_frame_graph_tracer_2BE55A60_ios_min11.0.a;
			remoteRef = 36CE3AF128817995000F7DBF /* PBXContainerItemProxy */;
			sourceTree = BUILT_PRODUCTS_DIR;
		};
		36CE3AF428817995000F7DBF /* lib_idx_image_frame_graph_tracer_2BE55A60_ios_min15.5.a */ = {
			isa = PBXReferenceProxy;
			fileType = archive.ar;
			path = lib_idx_image_frame_graph_tracer_2BE55A60_ios_min15.5.a;
			remoteRef = 36CE3AF328817995000F7DBF /* PBXContainerItemProxy */;
			sourceTree = BUILT_PRODUCTS_DIR;
		};
		36CE3AF628817995000F7DBF /* lib_idx_image_gl_context_gpu_buffer_multi_pool_FA7B13A1_ios_min11.0.a */ = {
			isa = PBXReferenceProxy;
			fileType = archive.ar;
			path = lib_idx_image_gl_context_gpu_buffer_multi_pool_FA7B13A1_ios_min11.0.a;
			remoteRef = 36CE3AF528817995000F7DBF /* PBXContainerItemProxy */;
			sourceTree = BUILT_PRODUCTS_DIR;
		};
		36CE3AF828817995000F7DBF /* lib_idx_image_gl_context_gpu_buffer_multi_pool_FA7B13A1_ios_min15.5.a */ = {
			isa = PBXReferenceProxy;
			fileType = archive.ar;
			path = lib_idx_image_gl_context_gpu_buffer_multi_pool_FA7B13A1_ios_min15.5.a;
			remoteRef = 36CE3AF728817995000F7DBF /* PBXContainerItemProxy */;
			sourceTree = BUILT_PRODUCTS_DIR;
		};
		36CE3AFA28817995000F7DBF /* lib_idx_in_order_output_stream_handler_graph_profiler_real_DE5E53DC_ios_min11.0.a */ = {
			isa = PBXReferenceProxy;
			fileType = archive.ar;
			path = lib_idx_in_order_output_stream_handler_graph_profiler_real_DE5E53DC_ios_min11.0.a;
			remoteRef = 36CE3AF928817995000F7DBF /* PBXContainerItemProxy */;
			sourceTree = BUILT_PRODUCTS_DIR;
		};
		36CE3AFC28817995000F7DBF /* lib_idx_in_order_output_stream_handler_graph_profiler_real_DE5E53DC_ios_min15.5.a */ = {
			isa = PBXReferenceProxy;
			fileType = archive.ar;
			path = lib_idx_in_order_output_stream_handler_graph_profiler_real_DE5E53DC_ios_min15.5.a;
			remoteRef = 36CE3AFB28817995000F7DBF /* PBXContainerItemProxy */;
			sourceTree = BUILT_PRODUCTS_DIR;
		};
		36CE3AFE28817995000F7DBF /* lib_idx_mediapipe_layer_renderer_mediapipe_framework_ios_mediapipe_gl_view_renderer_025C5145_ios_min11.0.a */ = {
			isa = PBXReferenceProxy;
			fileType = archive.ar;
			path = lib_idx_mediapipe_layer_renderer_mediapipe_framework_ios_mediapipe_gl_view_renderer_025C5145_ios_min11.0.a;
			remoteRef = 36CE3AFD28817995000F7DBF /* PBXContainerItemProxy */;
			sourceTree = BUILT_PRODUCTS_DIR;
		};
		36CE3B0028817995000F7DBF /* lib_idx_mediapipe_layer_renderer_mediapipe_framework_ios_mediapipe_gl_view_renderer_025C5145_ios_min15.5.a */ = {
			isa = PBXReferenceProxy;
			fileType = archive.ar;
			path = lib_idx_mediapipe_layer_renderer_mediapipe_framework_ios_mediapipe_gl_view_renderer_025C5145_ios_min15.5.a;
			remoteRef = 36CE3AFF28817995000F7DBF /* PBXContainerItemProxy */;
			sourceTree = BUILT_PRODUCTS_DIR;
		};
		36CE3B0228817995000F7DBF /* lib_idx_output_stream_manager_calculator_node_default_input_stream_handler_graph_output_stream_input_stream_handler_output_stream_handler_E5EDFB77_ios_min11.0.a */ = {
			isa = PBXReferenceProxy;
			fileType = archive.ar;
			path = lib_idx_output_stream_manager_calculator_node_default_input_stream_handler_graph_output_stream_input_stream_handler_output_stream_handler_E5EDFB77_ios_min11.0.a;
			remoteRef = 36CE3B0128817995000F7DBF /* PBXContainerItemProxy */;
			sourceTree = BUILT_PRODUCTS_DIR;
		};
		36CE3B0428817995000F7DBF /* lib_idx_output_stream_manager_calculator_node_default_input_stream_handler_graph_output_stream_input_stream_handler_output_stream_handler_E5EDFB77_ios_min15.5.a */ = {
			isa = PBXReferenceProxy;
			fileType = archive.ar;
			path = lib_idx_output_stream_manager_calculator_node_default_input_stream_handler_graph_output_stream_input_stream_handler_output_stream_handler_E5EDFB77_ios_min15.5.a;
			remoteRef = 36CE3B0328817995000F7DBF /* PBXContainerItemProxy */;
			sourceTree = BUILT_PRODUCTS_DIR;
		};
		36CE3B0628817995000F7DBF /* lib_idx_pixel_buffer_pool_util_1B0D8C74_ios_min11.0.a */ = {
			isa = PBXReferenceProxy;
			fileType = archive.ar;
			path = lib_idx_pixel_buffer_pool_util_1B0D8C74_ios_min11.0.a;
			remoteRef = 36CE3B0528817995000F7DBF /* PBXContainerItemProxy */;
			sourceTree = BUILT_PRODUCTS_DIR;
		};
		36CE3B0828817995000F7DBF /* lib_idx_pixel_buffer_pool_util_1B0D8C74_ios_min15.5.a */ = {
			isa = PBXReferenceProxy;
			fileType = archive.ar;
			path = lib_idx_pixel_buffer_pool_util_1B0D8C74_ios_min15.5.a;
			remoteRef = 36CE3B0728817995000F7DBF /* PBXContainerItemProxy */;
			sourceTree = BUILT_PRODUCTS_DIR;
		};
		36CE3B0A28817995000F7DBF /* lib_idx_profiler_resource_util_7C74EC03_ios_min11.0.a */ = {
			isa = PBXReferenceProxy;
			fileType = archive.ar;
			path = lib_idx_profiler_resource_util_7C74EC03_ios_min11.0.a;
			remoteRef = 36CE3B0928817995000F7DBF /* PBXContainerItemProxy */;
			sourceTree = BUILT_PRODUCTS_DIR;
		};
		36CE3B0C28817995000F7DBF /* lib_idx_profiler_resource_util_7C74EC03_ios_min15.5.a */ = {
			isa = PBXReferenceProxy;
			fileType = archive.ar;
			path = lib_idx_profiler_resource_util_7C74EC03_ios_min15.5.a;
			remoteRef = 36CE3B0B28817995000F7DBF /* PBXContainerItemProxy */;
			sourceTree = BUILT_PRODUCTS_DIR;
		};
		36CE3B0E28817995000F7DBF /* lib_idx_registration_token_mediapipe_input_sources_ios_C85023BB_ios_min11.0.a */ = {
			isa = PBXReferenceProxy;
			fileType = archive.ar;
			path = lib_idx_registration_token_mediapipe_input_sources_ios_C85023BB_ios_min11.0.a;
			remoteRef = 36CE3B0D28817995000F7DBF /* PBXContainerItemProxy */;
			sourceTree = BUILT_PRODUCTS_DIR;
		};
		36CE3B1028817995000F7DBF /* lib_idx_registration_token_mediapipe_input_sources_ios_C85023BB_ios_min15.5.a */ = {
			isa = PBXReferenceProxy;
			fileType = archive.ar;
			path = lib_idx_registration_token_mediapipe_input_sources_ios_C85023BB_ios_min15.5.a;
			remoteRef = 36CE3B0F28817995000F7DBF /* PBXContainerItemProxy */;
			sourceTree = BUILT_PRODUCTS_DIR;
		};
		36CE3B1228817995000F7DBF /* lib_idx_scheduler_queue_1DE575B5_ios_min11.0.a */ = {
			isa = PBXReferenceProxy;
			fileType = archive.ar;
			path = lib_idx_scheduler_queue_1DE575B5_ios_min11.0.a;
			remoteRef = 36CE3B1128817995000F7DBF /* PBXContainerItemProxy */;
			sourceTree = BUILT_PRODUCTS_DIR;
		};
		36CE3B1428817995000F7DBF /* lib_idx_scheduler_queue_1DE575B5_ios_min15.5.a */ = {
			isa = PBXReferenceProxy;
			fileType = archive.ar;
			path = lib_idx_scheduler_queue_1DE575B5_ios_min15.5.a;
			remoteRef = 36CE3B1328817995000F7DBF /* PBXContainerItemProxy */;
			sourceTree = BUILT_PRODUCTS_DIR;
		};
		36CE3B1628817995000F7DBF /* lib_idx_shader_util_F77AE4F3_ios_min11.0.a */ = {
			isa = PBXReferenceProxy;
			fileType = archive.ar;
			path = lib_idx_shader_util_F77AE4F3_ios_min11.0.a;
			remoteRef = 36CE3B1528817995000F7DBF /* PBXContainerItemProxy */;
			sourceTree = BUILT_PRODUCTS_DIR;
		};
		36CE3B1828817995000F7DBF /* lib_idx_shader_util_F77AE4F3_ios_min15.5.a */ = {
			isa = PBXReferenceProxy;
			fileType = archive.ar;
			path = lib_idx_shader_util_F77AE4F3_ios_min15.5.a;
			remoteRef = 36CE3B1728817995000F7DBF /* PBXContainerItemProxy */;
			sourceTree = BUILT_PRODUCTS_DIR;
		};
		36CE3B1A28817995000F7DBF /* lib_idx_sink_4333A28C_ios_min11.0.a */ = {
			isa = PBXReferenceProxy;
			fileType = archive.ar;
			path = lib_idx_sink_4333A28C_ios_min11.0.a;
			remoteRef = 36CE3B1928817995000F7DBF /* PBXContainerItemProxy */;
			sourceTree = BUILT_PRODUCTS_DIR;
		};
		36CE3B1C28817995000F7DBF /* lib_idx_sink_4333A28C_ios_min15.5.a */ = {
			isa = PBXReferenceProxy;
			fileType = archive.ar;
			path = lib_idx_sink_4333A28C_ios_min15.5.a;
			remoteRef = 36CE3B1B28817995000F7DBF /* PBXContainerItemProxy */;
			sourceTree = BUILT_PRODUCTS_DIR;
		};
		36CE3B1E28817995000F7DBF /* lib_idx_timestamp_collection_item_id_cpu_util_file_helpers_1C3B0888_ios_min11.0.a */ = {
			isa = PBXReferenceProxy;
			fileType = archive.ar;
			path = lib_idx_timestamp_collection_item_id_cpu_util_file_helpers_1C3B0888_ios_min11.0.a;
			remoteRef = 36CE3B1D28817995000F7DBF /* PBXContainerItemProxy */;
			sourceTree = BUILT_PRODUCTS_DIR;
		};
		36CE3B2028817995000F7DBF /* lib_idx_timestamp_collection_item_id_cpu_util_file_helpers_1C3B0888_ios_min15.5.a */ = {
			isa = PBXReferenceProxy;
			fileType = archive.ar;
			path = lib_idx_timestamp_collection_item_id_cpu_util_file_helpers_1C3B0888_ios_min15.5.a;
			remoteRef = 36CE3B1F28817995000F7DBF /* PBXContainerItemProxy */;
			sourceTree = BUILT_PRODUCTS_DIR;
		};
		36CE3B2228817995000F7DBF /* lib_idx_topologicalsorter_clock_counter_factory_registration_ret_check_status_status_util_threadpool_324A4D0F_ios_min11.0.a */ = {
			isa = PBXReferenceProxy;
			fileType = archive.ar;
			path = lib_idx_topologicalsorter_clock_counter_factory_registration_ret_check_status_status_util_threadpool_324A4D0F_ios_min11.0.a;
			remoteRef = 36CE3B2128817995000F7DBF /* PBXContainerItemProxy */;
			sourceTree = BUILT_PRODUCTS_DIR;
		};
		36CE3B2428817995000F7DBF /* lib_idx_topologicalsorter_clock_counter_factory_registration_ret_check_status_status_util_threadpool_324A4D0F_ios_min15.5.a */ = {
			isa = PBXReferenceProxy;
			fileType = archive.ar;
			path = lib_idx_topologicalsorter_clock_counter_factory_registration_ret_check_status_status_util_threadpool_324A4D0F_ios_min15.5.a;
			remoteRef = 36CE3B2328817995000F7DBF /* PBXContainerItemProxy */;
			sourceTree = BUILT_PRODUCTS_DIR;
		};
		36CE3B2628817995000F7DBF /* lib_idx_util_calculator_contract_fill_packet_set_graph_service_manager_input_side_packet_handler_input_stream_manager_input_stream_shard_output_side_packet_impl_output_stream_shard_pac_etc_31332C59_ios_min11.0.a */ = {
			isa = PBXReferenceProxy;
			fileType = archive.ar;
			path = lib_idx_util_calculator_contract_fill_packet_set_graph_service_manager_input_side_packet_handler_input_stream_manager_input_stream_shard_output_side_packet_impl_output_stream_shard_pac_etc_31332C59_ios_min11.0.a;
			remoteRef = 36CE3B2528817995000F7DBF /* PBXContainerItemProxy */;
			sourceTree = BUILT_PRODUCTS_DIR;
		};
		36CE3B2828817995000F7DBF /* lib_idx_util_calculator_contract_fill_packet_set_graph_service_manager_input_side_packet_handler_input_stream_manager_input_stream_shard_output_side_packet_impl_output_stream_shard_pac_etc_31332C59_ios_min15.5.a */ = {
			isa = PBXReferenceProxy;
			fileType = archive.ar;
			path = lib_idx_util_calculator_contract_fill_packet_set_graph_service_manager_input_side_packet_handler_input_stream_manager_input_stream_shard_output_side_packet_impl_output_stream_shard_pac_etc_31332C59_ios_min15.5.a;
			remoteRef = 36CE3B2728817995000F7DBF /* PBXContainerItemProxy */;
			sourceTree = BUILT_PRODUCTS_DIR;
		};
		36CE3B2A28817995000F7DBF /* lib_idx_validate_name_callback_packet_calculator_delegating_executor_executor_name_util_options_field_util_options_registry_options_syntax_util_options_util_packet_generator_graph_pack_etc_6A700505_ios_min11.0.a */ = {
			isa = PBXReferenceProxy;
			fileType = archive.ar;
			path = lib_idx_validate_name_callback_packet_calculator_delegating_executor_executor_name_util_options_field_util_options_registry_options_syntax_util_options_util_packet_generator_graph_pack_etc_6A700505_ios_min11.0.a;
			remoteRef = 36CE3B2928817995000F7DBF /* PBXContainerItemProxy */;
			sourceTree = BUILT_PRODUCTS_DIR;
		};
		36CE3B2C28817995000F7DBF /* lib_idx_validate_name_callback_packet_calculator_delegating_executor_executor_name_util_options_field_util_options_registry_options_syntax_util_options_util_packet_generator_graph_pack_etc_6A700505_ios_min15.5.a */ = {
			isa = PBXReferenceProxy;
			fileType = archive.ar;
			path = lib_idx_validate_name_callback_packet_calculator_delegating_executor_executor_name_util_options_field_util_options_registry_options_syntax_util_options_util_packet_generator_graph_pack_etc_6A700505_ios_min15.5.a;
			remoteRef = 36CE3B2B28817995000F7DBF /* PBXContainerItemProxy */;
			sourceTree = BUILT_PRODUCTS_DIR;
		};
		36CE3B2E28817995000F7DBF /* lib_idx_validated_graph_config_calculator_base_calculator_context_calculator_context_manager_calculator_state_legacy_calculator_support_170CFE69_ios_min11.0.a */ = {
			isa = PBXReferenceProxy;
			fileType = archive.ar;
			path = lib_idx_validated_graph_config_calculator_base_calculator_context_calculator_context_manager_calculator_state_legacy_calculator_support_170CFE69_ios_min11.0.a;
			remoteRef = 36CE3B2D28817995000F7DBF /* PBXContainerItemProxy */;
			sourceTree = BUILT_PRODUCTS_DIR;
		};
		36CE3B3028817995000F7DBF /* lib_idx_validated_graph_config_calculator_base_calculator_context_calculator_context_manager_calculator_state_legacy_calculator_support_170CFE69_ios_min15.5.a */ = {
			isa = PBXReferenceProxy;
			fileType = archive.ar;
			path = lib_idx_validated_graph_config_calculator_base_calculator_context_calculator_context_manager_calculator_state_legacy_calculator_support_170CFE69_ios_min15.5.a;
			remoteRef = 36CE3B2F28817995000F7DBF /* PBXContainerItemProxy */;
			sourceTree = BUILT_PRODUCTS_DIR;
		};
		36CE3B3228817995000F7DBF /* libmediapipe-examples-ios-common-CommonMediaPipeAppLibrary.a */ = {
			isa = PBXReferenceProxy;
			fileType = archive.ar;
			path = "libmediapipe-examples-ios-common-CommonMediaPipeAppLibrary.a";
			remoteRef = 36CE3B3128817995000F7DBF /* PBXContainerItemProxy */;
			sourceTree = BUILT_PRODUCTS_DIR;
		};
/* End PBXReferenceProxy section */

/* Begin PBXResourcesBuildPhase section */
		3652526E288170C600F888EA /* Resources */ = {
			isa = PBXResourcesBuildPhase;
			buildActionMask = 2147483647;
			files = (
				36525283288170C700F888EA /* LaunchScreen.storyboard in Resources */,
				36CE3BDE28817F34000F7DBF /* face_detection_short_range.tflite in Resources */,
				36525280288170C700F888EA /* Assets.xcassets in Resources */,
				36CE3BE028817F53000F7DBF /* face_landmark_with_attention.tflite in Resources */,
				3652527E288170C600F888EA /* Main.storyboard in Resources */,
				36CE3BDC28817EA1000F7DBF /* face_mesh_mobile_gpu.binarypb in Resources */,
			);
			runOnlyForDeploymentPostprocessing = 0;
		};
/* End PBXResourcesBuildPhase section */

/* Begin PBXSourcesBuildPhase section */
		3652526C288170C600F888EA /* Sources */ = {
			isa = PBXSourcesBuildPhase;
			buildActionMask = 2147483647;
			files = (
				3652527B288170C600F888EA /* ViewController.m in Sources */,
				36525275288170C600F888EA /* AppDelegate.m in Sources */,
				36525286288170C700F888EA /* main.m in Sources */,
				36525278288170C600F888EA /* SceneDelegate.m in Sources */,
			);
			runOnlyForDeploymentPostprocessing = 0;
		};
/* End PBXSourcesBuildPhase section */

/* Begin PBXTargetDependency section */
		36CE3BEE28818757000F7DBF /* PBXTargetDependency */ = {
			isa = PBXTargetDependency;
			name = CommonMediaPipeFramework;
			targetProxy = 36CE3BED28818757000F7DBF /* PBXContainerItemProxy */;
		};
/* End PBXTargetDependency section */

/* Begin PBXVariantGroup section */
		3652527C288170C600F888EA /* Main.storyboard */ = {
			isa = PBXVariantGroup;
			children = (
				3652527D288170C600F888EA /* Base */,
			);
			name = Main.storyboard;
			sourceTree = "<group>";
		};
		36525281288170C700F888EA /* LaunchScreen.storyboard */ = {
			isa = PBXVariantGroup;
			children = (
				36525282288170C700F888EA /* Base */,
			);
			name = LaunchScreen.storyboard;
			sourceTree = "<group>";
		};
/* End PBXVariantGroup section */

/* Begin XCBuildConfiguration section */
		36525287288170C700F888EA /* Debug */ = {
			isa = XCBuildConfiguration;
			buildSettings = {
				ALWAYS_SEARCH_USER_PATHS = NO;
				CLANG_ANALYZER_NONNULL = YES;
				CLANG_ANALYZER_NUMBER_OBJECT_CONVERSION = YES_AGGRESSIVE;
				CLANG_CXX_LANGUAGE_STANDARD = "gnu++17";
				CLANG_ENABLE_MODULES = YES;
				CLANG_ENABLE_OBJC_ARC = YES;
				CLANG_ENABLE_OBJC_WEAK = YES;
				CLANG_WARN_BLOCK_CAPTURE_AUTORELEASING = YES;
				CLANG_WARN_BOOL_CONVERSION = YES;
				CLANG_WARN_COMMA = YES;
				CLANG_WARN_CONSTANT_CONVERSION = YES;
				CLANG_WARN_DEPRECATED_OBJC_IMPLEMENTATIONS = YES;
				CLANG_WARN_DIRECT_OBJC_ISA_USAGE = YES_ERROR;
				CLANG_WARN_DOCUMENTATION_COMMENTS = YES;
				CLANG_WARN_EMPTY_BODY = YES;
				CLANG_WARN_ENUM_CONVERSION = YES;
				CLANG_WARN_INFINITE_RECURSION = YES;
				CLANG_WARN_INT_CONVERSION = YES;
				CLANG_WARN_NON_LITERAL_NULL_CONVERSION = YES;
				CLANG_WARN_OBJC_IMPLICIT_RETAIN_SELF = YES;
				CLANG_WARN_OBJC_LITERAL_CONVERSION = YES;
				CLANG_WARN_OBJC_ROOT_CLASS = YES_ERROR;
				CLANG_WARN_QUOTED_INCLUDE_IN_FRAMEWORK_HEADER = YES;
				CLANG_WARN_RANGE_LOOP_ANALYSIS = YES;
				CLANG_WARN_STRICT_PROTOTYPES = YES;
				CLANG_WARN_SUSPICIOUS_MOVE = YES;
				CLANG_WARN_UNGUARDED_AVAILABILITY = YES_AGGRESSIVE;
				CLANG_WARN_UNREACHABLE_CODE = YES;
				CLANG_WARN__DUPLICATE_METHOD_MATCH = YES;
				COPY_PHASE_STRIP = NO;
				DEBUG_INFORMATION_FORMAT = dwarf;
				ENABLE_BITCODE = NO;
				ENABLE_STRICT_OBJC_MSGSEND = YES;
				ENABLE_TESTABILITY = YES;
				GCC_C_LANGUAGE_STANDARD = gnu11;
				GCC_DYNAMIC_NO_PIC = NO;
				GCC_NO_COMMON_BLOCKS = YES;
				GCC_OPTIMIZATION_LEVEL = 0;
				GCC_PREPROCESSOR_DEFINITIONS = (
					"DEBUG=1",
					"$(inherited)",
				);
				GCC_WARN_64_TO_32_BIT_CONVERSION = YES;
				GCC_WARN_ABOUT_RETURN_TYPE = YES_ERROR;
				GCC_WARN_UNDECLARED_SELECTOR = YES;
				GCC_WARN_UNINITIALIZED_AUTOS = YES_AGGRESSIVE;
				GCC_WARN_UNUSED_FUNCTION = YES;
				GCC_WARN_UNUSED_VARIABLE = YES;
				IPHONEOS_DEPLOYMENT_TARGET = 15.5;
				MTL_ENABLE_DEBUG_INFO = INCLUDE_SOURCE;
				MTL_FAST_MATH = YES;
				ONLY_ACTIVE_ARCH = YES;
				SDKROOT = iphoneos;
			};
			name = Debug;
		};
		36525288288170C700F888EA /* Release */ = {
			isa = XCBuildConfiguration;
			buildSettings = {
				ALWAYS_SEARCH_USER_PATHS = NO;
				CLANG_ANALYZER_NONNULL = YES;
				CLANG_ANALYZER_NUMBER_OBJECT_CONVERSION = YES_AGGRESSIVE;
				CLANG_CXX_LANGUAGE_STANDARD = "gnu++17";
				CLANG_ENABLE_MODULES = YES;
				CLANG_ENABLE_OBJC_ARC = YES;
				CLANG_ENABLE_OBJC_WEAK = YES;
				CLANG_WARN_BLOCK_CAPTURE_AUTORELEASING = YES;
				CLANG_WARN_BOOL_CONVERSION = YES;
				CLANG_WARN_COMMA = YES;
				CLANG_WARN_CONSTANT_CONVERSION = YES;
				CLANG_WARN_DEPRECATED_OBJC_IMPLEMENTATIONS = YES;
				CLANG_WARN_DIRECT_OBJC_ISA_USAGE = YES_ERROR;
				CLANG_WARN_DOCUMENTATION_COMMENTS = YES;
				CLANG_WARN_EMPTY_BODY = YES;
				CLANG_WARN_ENUM_CONVERSION = YES;
				CLANG_WARN_INFINITE_RECURSION = YES;
				CLANG_WARN_INT_CONVERSION = YES;
				CLANG_WARN_NON_LITERAL_NULL_CONVERSION = YES;
				CLANG_WARN_OBJC_IMPLICIT_RETAIN_SELF = YES;
				CLANG_WARN_OBJC_LITERAL_CONVERSION = YES;
				CLANG_WARN_OBJC_ROOT_CLASS = YES_ERROR;
				CLANG_WARN_QUOTED_INCLUDE_IN_FRAMEWORK_HEADER = YES;
				CLANG_WARN_RANGE_LOOP_ANALYSIS = YES;
				CLANG_WARN_STRICT_PROTOTYPES = YES;
				CLANG_WARN_SUSPICIOUS_MOVE = YES;
				CLANG_WARN_UNGUARDED_AVAILABILITY = YES_AGGRESSIVE;
				CLANG_WARN_UNREACHABLE_CODE = YES;
				CLANG_WARN__DUPLICATE_METHOD_MATCH = YES;
				COPY_PHASE_STRIP = NO;
				DEBUG_INFORMATION_FORMAT = "dwarf-with-dsym";
				ENABLE_BITCODE = NO;
				ENABLE_NS_ASSERTIONS = NO;
				ENABLE_STRICT_OBJC_MSGSEND = YES;
				GCC_C_LANGUAGE_STANDARD = gnu11;
				GCC_NO_COMMON_BLOCKS = YES;
				GCC_WARN_64_TO_32_BIT_CONVERSION = YES;
				GCC_WARN_ABOUT_RETURN_TYPE = YES_ERROR;
				GCC_WARN_UNDECLARED_SELECTOR = YES;
				GCC_WARN_UNINITIALIZED_AUTOS = YES_AGGRESSIVE;
				GCC_WARN_UNUSED_FUNCTION = YES;
				GCC_WARN_UNUSED_VARIABLE = YES;
				IPHONEOS_DEPLOYMENT_TARGET = 15.5;
				MTL_ENABLE_DEBUG_INFO = NO;
				MTL_FAST_MATH = YES;
				SDKROOT = iphoneos;
				VALIDATE_PRODUCT = YES;
			};
			name = Release;
		};
		3652528A288170C700F888EA /* Debug */ = {
			isa = XCBuildConfiguration;
			buildSettings = {
				ASSETCATALOG_COMPILER_APPICON_NAME = AppIcon;
				ASSETCATALOG_COMPILER_GLOBAL_ACCENT_COLOR_NAME = AccentColor;
				CODE_SIGN_STYLE = Automatic;
				CURRENT_PROJECT_VERSION = 1;
				DEVELOPMENT_TEAM = C3LTWQ77D5;
				FRAMEWORK_SEARCH_PATHS = (
					"$(inherited)",
					"$(PROJECT_DIR)/MediapipeiOSPlayground",
				);
				GENERATE_INFOPLIST_FILE = YES;
				INFOPLIST_FILE = MediapipeiOSPlayground/Info.plist;
				INFOPLIST_KEY_UIApplicationSupportsIndirectInputEvents = YES;
				INFOPLIST_KEY_UILaunchStoryboardName = LaunchScreen;
				INFOPLIST_KEY_UIMainStoryboardFile = Main;
				INFOPLIST_KEY_UISupportedInterfaceOrientations_iPad = "UIInterfaceOrientationPortrait UIInterfaceOrientationPortraitUpsideDown UIInterfaceOrientationLandscapeLeft UIInterfaceOrientationLandscapeRight";
				INFOPLIST_KEY_UISupportedInterfaceOrientations_iPhone = "UIInterfaceOrientationPortrait UIInterfaceOrientationLandscapeLeft UIInterfaceOrientationLandscapeRight";
				LD_RUNPATH_SEARCH_PATHS = (
					"$(inherited)",
					"@executable_path/Frameworks",
				);
				MARKETING_VERSION = 1.0;
				PRODUCT_BUNDLE_IDENTIFIER = com.ola.MediapipeiOSPlayground;
				PRODUCT_NAME = "$(TARGET_NAME)";
				SWIFT_EMIT_LOC_STRINGS = YES;
				TARGETED_DEVICE_FAMILY = "1,2";
			};
			name = Debug;
		};
		3652528B288170C700F888EA /* Release */ = {
			isa = XCBuildConfiguration;
			buildSettings = {
				ASSETCATALOG_COMPILER_APPICON_NAME = AppIcon;
				ASSETCATALOG_COMPILER_GLOBAL_ACCENT_COLOR_NAME = AccentColor;
				CODE_SIGN_STYLE = Automatic;
				CURRENT_PROJECT_VERSION = 1;
				DEVELOPMENT_TEAM = C3LTWQ77D5;
				FRAMEWORK_SEARCH_PATHS = (
					"$(inherited)",
					"$(PROJECT_DIR)/MediapipeiOSPlayground",
				);
				GENERATE_INFOPLIST_FILE = YES;
				INFOPLIST_FILE = MediapipeiOSPlayground/Info.plist;
				INFOPLIST_KEY_UIApplicationSupportsIndirectInputEvents = YES;
				INFOPLIST_KEY_UILaunchStoryboardName = LaunchScreen;
				INFOPLIST_KEY_UIMainStoryboardFile = Main;
				INFOPLIST_KEY_UISupportedInterfaceOrientations_iPad = "UIInterfaceOrientationPortrait UIInterfaceOrientationPortraitUpsideDown UIInterfaceOrientationLandscapeLeft UIInterfaceOrientationLandscapeRight";
				INFOPLIST_KEY_UISupportedInterfaceOrientations_iPhone = "UIInterfaceOrientationPortrait UIInterfaceOrientationLandscapeLeft UIInterfaceOrientationLandscapeRight";
				LD_RUNPATH_SEARCH_PATHS = (
					"$(inherited)",
					"@executable_path/Frameworks",
				);
				MARKETING_VERSION = 1.0;
				PRODUCT_BUNDLE_IDENTIFIER = com.ola.MediapipeiOSPlayground;
				PRODUCT_NAME = "$(TARGET_NAME)";
				SWIFT_EMIT_LOC_STRINGS = YES;
				TARGETED_DEVICE_FAMILY = "1,2";
			};
			name = Release;
		};
/* End XCBuildConfiguration section */

/* Begin XCConfigurationList section */
		3652526B288170C600F888EA /* Build configuration list for PBXProject "MediapipeiOSPlayground" */ = {
			isa = XCConfigurationList;
			buildConfigurations = (
				36525287288170C700F888EA /* Debug */,
				36525288288170C700F888EA /* Release */,
			);
			defaultConfigurationIsVisible = 0;
			defaultConfigurationName = Release;
		};
		36525289288170C700F888EA /* Build configuration list for PBXNativeTarget "MediapipeiOSPlayground" */ = {
			isa = XCConfigurationList;
			buildConfigurations = (
				3652528A288170C700F888EA /* Debug */,
				3652528B288170C700F888EA /* Release */,
			);
			defaultConfigurationIsVisible = 0;
			defaultConfigurationName = Release;
		};
/* End XCConfigurationList section */
	};
	rootObject = 36525268288170C600F888EA /* Project object */;
}
